{
  "version": 4,
  "terraform_version": "1.9.8",
  "serial": 7,
  "lineage": "5d1949ce-f98e-2862-2275-62a3a2a42137",
  "outputs": {
    "instance_ip": {
      "value": "34.29.6.210",
      "type": "string"
    }
  },
  "resources": [
    {
      "mode": "managed",
      "type": "google_compute_instance",
      "name": "app_server",
      "provider": "provider[\"registry.terraform.io/hashicorp/google\"]",
      "instances": [
        {
          "schema_version": 6,
          "attributes": {
            "advanced_machine_features": [],
            "allow_stopping_for_update": null,
            "attached_disk": [],
            "boot_disk": [
              {
                "auto_delete": true,
                "device_name": "persistent-disk-0",
                "disk_encryption_key_raw": "",
                "disk_encryption_key_sha256": "",
                "initialize_params": [
                  {
                    "enable_confidential_compute": false,
                    "image": "https://www.googleapis.com/compute/v1/projects/ubuntu-os-cloud/global/images/ubuntu-2004-focal-v20241016",
                    "labels": {},
                    "provisioned_iops": 0,
                    "provisioned_throughput": 0,
                    "resource_manager_tags": null,
                    "resource_policies": [],
                    "size": 10,
                    "storage_pool": "",
                    "type": "pd-standard"
                  }
                ],
                "interface": "",
                "kms_key_self_link": "",
                "mode": "READ_WRITE",
                "source": "https://www.googleapis.com/compute/v1/projects/gcr-nodejs-react-deploy/zones/us-central1-a/disks/yolo-ecommerce-site"
              }
            ],
            "can_ip_forward": false,
            "confidential_instance_config": [],
            "cpu_platform": "Intel Broadwell",
            "current_status": "RUNNING",
            "deletion_protection": false,
            "description": "",
            "desired_status": null,
            "effective_labels": {
              "goog-terraform-provisioned": "true"
            },
            "enable_display": false,
            "guest_accelerator": [],
            "hostname": "",
            "id": "projects/gcr-nodejs-react-deploy/zones/us-central1-a/instances/yolo-ecommerce-site",
            "instance_id": "8040401183221566234",
            "label_fingerprint": "vezUS-42LLM=",
            "labels": null,
            "machine_type": "e2-medium",
            "metadata": {
              "ssh-keys": "wachiraeldadmwangi:ssh-rsa AAAAB3NzaC1yc2EAAAADAQABAAABgQC+wWgNtnFk4+GaySBrFW7TXliEzIOEP7l+30xrPXZoxJXitK5gITRvPjwb0tOazYiGKp8AfACDedVLYCWE+wbELIGVxDjkBHfPkvLRmNVg6jv5IIXoCiyq5NqKCir1Fss2ny1oW8oocmcplzM5XI59f6qovN2Z7EJJUER6Z1qMo7PbQqGYBluDN2EqKnnqoOngL5pOjmhzEPnb9fqkidr/VAER7vQ4XpwjqHks/ORVdzP17RZUM2iL86Na+rLZZU9OxQ22p8i3VuifRTLZIs/u3/9Rz/ANzw91ZYjuObTSxkRXGTcr4WySaccei11cR6WWt76ZzIKJyii/fJB+JvBSCn/bz5pFXWWEGk6SIxl8B1T1dIrBOZlP49cDFWUnAGlxq3w56R8nGy0MiZJ0svcufmyJvcGQJgFd3aQEeGwaK31O4sF3v/cdaJuiAVat9/zEBxRBtjFhsjAFabEMk9SAEFg8nwY2mhcwjmoc1cIMGI8mKnuQXLNrv3y/q8TTpes= wachiraeldadmwangi\n"
            },
            "metadata_fingerprint": "eFTmPwQl4j0=",
            "metadata_startup_script": null,
            "min_cpu_platform": "",
            "name": "yolo-ecommerce-site",
            "network_interface": [
              {
                "access_config": [
                  {
                    "nat_ip": "34.29.6.210",
                    "network_tier": "PREMIUM",
                    "public_ptr_domain_name": ""
                  }
                ],
                "alias_ip_range": [],
                "internal_ipv6_prefix_length": 0,
                "ipv6_access_config": [],
                "ipv6_access_type": "",
                "ipv6_address": "",
                "name": "nic0",
                "network": "https://www.googleapis.com/compute/v1/projects/gcr-nodejs-react-deploy/global/networks/default",
                "network_ip": "10.128.0.5",
                "nic_type": "",
                "queue_count": 0,
                "stack_type": "IPV4_ONLY",
                "subnetwork": "https://www.googleapis.com/compute/v1/projects/gcr-nodejs-react-deploy/regions/us-central1/subnetworks/default",
                "subnetwork_project": "gcr-nodejs-react-deploy"
              }
            ],
            "network_performance_config": [],
            "params": [],
            "project": "gcr-nodejs-react-deploy",
            "reservation_affinity": [],
            "resource_policies": null,
            "scheduling": [
              {
                "automatic_restart": true,
                "instance_termination_action": "",
                "local_ssd_recovery_timeout": [],
                "max_run_duration": [],
                "min_node_cpus": 0,
                "node_affinities": [],
                "on_host_maintenance": "MIGRATE",
                "on_instance_stop_action": [],
                "preemptible": false,
                "provisioning_model": "STANDARD"
              }
            ],
            "scratch_disk": [],
            "self_link": "https://www.googleapis.com/compute/v1/projects/gcr-nodejs-react-deploy/zones/us-central1-a/instances/yolo-ecommerce-site",
            "service_account": [],
            "shielded_instance_config": [
              {
                "enable_integrity_monitoring": true,
                "enable_secure_boot": false,
                "enable_vtpm": true
              }
            ],
            "tags": null,
            "tags_fingerprint": "42WmSpB8rSM=",
            "terraform_labels": {
              "goog-terraform-provisioned": "true"
            },
            "timeouts": null,
            "zone": "us-central1-a"
          },
          "sensitive_attributes": [
            [
              {
                "type": "get_attr",
                "value": "boot_disk"
              },
              {
                "type": "index",
                "value": {
                  "value": 0,
                  "type": "number"
                }
              },
              {
                "type": "get_attr",
                "value": "disk_encryption_key_raw"
              }
            ]
          ],
          "private": "eyJlMmJmYjczMC1lY2FhLTExZTYtOGY4OC0zNDM2M2JjN2M0YzAiOnsiY3JlYXRlIjoxMjAwMDAwMDAwMDAwLCJkZWxldGUiOjEyMDAwMDAwMDAwMDAsInVwZGF0ZSI6MTIwMDAwMDAwMDAwMH0sInNjaGVtYV92ZXJzaW9uIjoiNiJ9"
        }
      ]
    }
  ],
  "check_results": null
}
